Microsoft Visual Studio Solution File, Format Version 11.00
# Visual Studio 2008

Project("{996AFC83-D989-8BEE-D790-376B4895CADA}") = "FLIPFLIP", "Assembly-CSharp.csproj", "{B9E49AEA-0A4D-65A6-A10A-05A868603449}"
EndProject
Project("{996AFC83-D989-8BEE-D790-376B4895CADA}") = "FLIPFLIP", "Assembly-UnityScript.unityproj", "{D1049523-811C-0E9F-051B-AB741136435D}"
EndProject
Global
	GlobalSection(SolutionConfigurationPlatforms) = preSolution
		Debug|Any CPU = Debug|Any CPU
		Release|Any CPU = Release|Any CPU
	EndGlobalSection
	GlobalSection(ProjectConfigurationPlatforms) = postSolution
		{B9E49AEA-0A4D-65A6-A10A-05A868603449}.Debug|Any CPU.ActiveCfg = Debug|Any CPU
		{B9E49AEA-0A4D-65A6-A10A-05A868603449}.Debug|Any CPU.Build.0 = Debug|Any CPU
		{B9E49AEA-0A4D-65A6-A10A-05A868603449}.Release|Any CPU.ActiveCfg = Release|Any CPU
		{B9E49AEA-0A4D-65A6-A10A-05A868603449}.Release|Any CPU.Build.0 = Release|Any CPU
		{D1049523-811C-0E9F-051B-AB741136435D}.Debug|Any CPU.ActiveCfg = Debug|Any CPU
		{D1049523-811C-0E9F-051B-AB741136435D}.Debug|Any CPU.Build.0 = Debug|Any CPU
		{D1049523-811C-0E9F-051B-AB741136435D}.Release|Any CPU.ActiveCfg = Release|Any CPU
		{D1049523-811C-0E9F-051B-AB741136435D}.Release|Any CPU.Build.0 = Release|Any CPU
	EndGlobalSection
	GlobalSection(SolutionProperties) = preSolution
		HideSolutionNode = FALSE
	EndGlobalSection
																																																																																																																																																																GlobalSection(MonoDevelopProperties) = preSolution
		StartupItem = Assembly-CSharp.csproj
		Policies = $0
		$0.TextStylePolicy = $1
		$1.inheritsSet = null
		$1.scope = text/x-csharp
		$0.CSharpFormattingPolicy = $2
		$2.inheritsSet = Mono
		$2.inheritsScope = text/x-csharp
		$2.scope = text/x-csharp
		$0.TextStylePolicy = $3
		$3.FileWidth = 120
		$3.TabWidth = 4
		$3.EolMarker = Unix
		$3.inheritsSet = Mono
		$3.inheritsScope = text/plain
		$3.scope = text/plain
	EndGlobalSection

EndGlobal
